
Microsoft Visual Studio Solution File, Format Version 12.00
# Visual Studio Version 17
VisualStudioVersion = 17.11.35312.102
MinimumVisualStudioVersion = 10.0.40219.1
Project("{FAE04EC0-301F-11D3-BF4B-00C04F79EFBC}") = "FakeBlog", "FakeBlog.csproj", "{2FC00459-BDB8-4DFC-A3D8-D450D7E37979}"
EndProject
Global
	GlobalSection(SolutionConfigurationPlatforms) = preSolution
		Debug|Any CPU = Debug|Any CPU
		Release|Any CPU = Release|Any CPU
	EndGlobalSection
	GlobalSection(ProjectConfigurationPlatforms) = postSolution
		{2FC00459-BDB8-4DFC-A3D8-D450D7E37979}.Debug|Any CPU.ActiveCfg = Debug|Any CPU
		{2FC00459-BDB8-4DFC-A3D8-D450D7E37979}.Debug|Any CPU.Build.0 = Debug|Any CPU
		{2FC00459-BDB8-4DFC-A3D8-D450D7E37979}.Release|Any CPU.ActiveCfg = Release|Any CPU
		{2FC00459-BDB8-4DFC-A3D8-D450D7E37979}.Release|Any CPU.Build.0 = Release|Any CPU
	EndGlobalSection
	GlobalSection(SolutionProperties) = preSolution
		HideSolutionNode = FALSE
	EndGlobalSection
	GlobalSection(ExtensibilityGlobals) = postSolution
		SolutionGuid = {8A37B130-0F34-4878-AF91-68966278395E}
	EndGlobalSection
EndGlobal
